
Microsoft Visual Studio Solution File, Format Version 12.00
# Visual Studio 15
VisualStudioVersion = 15.0.28307.1738
MinimumVisualStudioVersion = 10.0.40219.1
Project("{FAE04EC0-301F-11D3-BF4B-00C04F79EFBC}") = "FirstEmptyWebApp", "FirstEmptyWebApp\FirstEmptyWebApp.csproj", "{58901B51-E05B-4DEF-8D6C-C0A26635175E}"
EndProject
Global
	GlobalSection(SolutionConfigurationPlatforms) = preSolution
		Debug|Any CPU = Debug|Any CPU
		Release|Any CPU = Release|Any CPU
	EndGlobalSection
	GlobalSection(ProjectConfigurationPlatforms) = postSolution
		{58901B51-E05B-4DEF-8D6C-C0A26635175E}.Debug|Any CPU.ActiveCfg = Debug|Any CPU
		{58901B51-E05B-4DEF-8D6C-C0A26635175E}.Debug|Any CPU.Build.0 = Debug|Any CPU
		{58901B51-E05B-4DEF-8D6C-C0A26635175E}.Release|Any CPU.ActiveCfg = Release|Any CPU
		{58901B51-E05B-4DEF-8D6C-C0A26635175E}.Release|Any CPU.Build.0 = Release|Any CPU
	EndGlobalSection
	GlobalSection(SolutionProperties) = preSolution
		HideSolutionNode = FALSE
	EndGlobalSection
	GlobalSection(ExtensibilityGlobals) = postSolution
		SolutionGuid = {41C16E0F-1911-40D5-AD16-0EEE63B97421}
	EndGlobalSection
EndGlobal
